
Microsoft Visual Studio Solution File, Format Version 12.00
# Visual Studio Version 16
VisualStudioVersion = 16.0.31402.337
MinimumVisualStudioVersion = 10.0.40219.1
Project("{888888A0-9F3D-457C-B088-3A5042F75D52}") = "SimplePy01", "SimplePy01.pyproj", "{B1812D9E-2F59-4720-AD82-10509A78DEBC}"
EndProject
Global
	GlobalSection(SolutionConfigurationPlatforms) = preSolution
		Debug|Any CPU = Debug|Any CPU
		Release|Any CPU = Release|Any CPU
	EndGlobalSection
	GlobalSection(ProjectConfigurationPlatforms) = postSolution
		{B1812D9E-2F59-4720-AD82-10509A78DEBC}.Debug|Any CPU.ActiveCfg = Debug|Any CPU
		{B1812D9E-2F59-4720-AD82-10509A78DEBC}.Release|Any CPU.ActiveCfg = Release|Any CPU
	EndGlobalSection
	GlobalSection(SolutionProperties) = preSolution
		HideSolutionNode = FALSE
	EndGlobalSection
	GlobalSection(ExtensibilityGlobals) = postSolution
		SolutionGuid = {E7FD3712-989B-4786-BB91-98B12C9F02D7}
	EndGlobalSection
EndGlobal
